// !$*UTF8*$!
{
	archiveVersion = 1;
	classes = {
	};
	objectVersion = 50;
	objects = {

/* Begin PBXBuildFile section */
		083281BD2479B61E00020C4C /* AppDelegate.swift in Sources */ = {isa = PBXBuildFile; fileRef = 083281BC2479B61E00020C4C /* AppDelegate.swift */; };
		083281BF2479B61E00020C4C /* SceneDelegate.swift in Sources */ = {isa = PBXBuildFile; fileRef = 083281BE2479B61E00020C4C /* SceneDelegate.swift */; };
		083281C12479B61E00020C4C /* ViewController.swift in Sources */ = {isa = PBXBuildFile; fileRef = 083281C02479B61E00020C4C /* ViewController.swift */; };
		083281C42479B61E00020C4C /* Main.storyboard in Resources */ = {isa = PBXBuildFile; fileRef = 083281C22479B61E00020C4C /* Main.storyboard */; };
		083281C62479B62200020C4C /* Assets.xcassets in Resources */ = {isa = PBXBuildFile; fileRef = 083281C52479B62200020C4C /* Assets.xcassets */; };
		083281C92479B62200020C4C /* LaunchScreen.storyboard in Resources */ = {isa = PBXBuildFile; fileRef = 083281C72479B62200020C4C /* LaunchScreen.storyboard */; };
		083281D42479B62200020C4C /* TippyTests.swift in Sources */ = {isa = PBXBuildFile; fileRef = 083281D32479B62200020C4C /* TippyTests.swift */; };
		083281DF2479B62200020C4C /* TippyUITests.swift in Sources */ = {isa = PBXBuildFile; fileRef = 083281DE2479B62200020C4C /* TippyUITests.swift */; };
/* End PBXBuildFile section */

/* Begin PBXContainerItemProxy section */
		083281D02479B62200020C4C /* PBXContainerItemProxy */ = {
			isa = PBXContainerItemProxy;
			containerPortal = 083281B12479B61E00020C4C /* Project object */;
			proxyType = 1;
			remoteGlobalIDString = 083281B82479B61E00020C4C;
			remoteInfo = Tippy;
		};
		083281DB2479B62200020C4C /* PBXContainerItemProxy */ = {
			isa = PBXContainerItemProxy;
			containerPortal = 083281B12479B61E00020C4C /* Project object */;
			proxyType = 1;
			remoteGlobalIDString = 083281B82479B61E00020C4C;
			remoteInfo = Tippy;
		};
/* End PBXContainerItemProxy section */

/* Begin PBXFileReference section */
		083281B92479B61E00020C4C /* Tippy.app */ = {isa = PBXFileReference; explicitFileType = wrapper.application; includeInIndex = 0; path = Tippy.app; sourceTree = BUILT_PRODUCTS_DIR; };
		083281BC2479B61E00020C4C /* AppDelegate.swift */ = {isa = PBXFileReference; lastKnownFileType = sourcecode.swift; path = AppDelegate.swift; sourceTree = "<group>"; };
		083281BE2479B61E00020C4C /* SceneDelegate.swift */ = {isa = PBXFileReference; lastKnownFileType = sourcecode.swift; path = SceneDelegate.swift; sourceTree = "<group>"; };
		083281C02479B61E00020C4C /* ViewController.swift */ = {isa = PBXFileReference; lastKnownFileType = sourcecode.swift; path = ViewController.swift; sourceTree = "<group>"; };
		083281C32479B61E00020C4C /* Base */ = {isa = PBXFileReference; lastKnownFileType = file.storyboard; name = Base; path = Base.lproj/Main.storyboard; sourceTree = "<group>"; };
		083281C52479B62200020C4C /* Assets.xcassets */ = {isa = PBXFileReference; lastKnownFileType = folder.assetcatalog; path = Assets.xcassets; sourceTree = "<group>"; };
		083281C82479B62200020C4C /* Base */ = {isa = PBXFileReference; lastKnownFileType = file.storyboard; name = Base; path = Base.lproj/LaunchScreen.storyboard; sourceTree = "<group>"; };
		083281CA2479B62200020C4C /* Info.plist */ = {isa = PBXFileReference; lastKnownFileType = text.plist.xml; path = Info.plist; sourceTree = "<group>"; };
		083281CF2479B62200020C4C /* TippyTests.xctest */ = {isa = PBXFileReference; explicitFileType = wrapper.cfbundle; includeInIndex = 0; path = TippyTests.xctest; sourceTree = BUILT_PRODUCTS_DIR; };
		083281D32479B62200020C4C /* TippyTests.swift */ = {isa = PBXFileReference; lastKnownFileType = sourcecode.swift; path = TippyTests.swift; sourceTree = "<group>"; };
		083281D52479B62200020C4C /* Info.plist */ = {isa = PBXFileReference; lastKnownFileType = text.plist.xml; path = Info.plist; sourceTree = "<group>"; };
		083281DA2479B62200020C4C /* TippyUITests.xctest */ = {isa = PBXFileReference; explicitFileType = wrapper.cfbundle; includeInIndex = 0; path = TippyUITests.xctest; sourceTree = BUILT_PRODUCTS_DIR; };
		083281DE2479B62200020C4C /* TippyUITests.swift */ = {isa = PBXFileReference; lastKnownFileType = sourcecode.swift; path = TippyUITests.swift; sourceTree = "<group>"; };
		083281E02479B62200020C4C /* Info.plist */ = {isa = PBXFileReference; lastKnownFileType = text.plist.xml; path = Info.plist; sourceTree = "<group>"; };
/* End PBXFileReference section */

/* Begin PBXFrameworksBuildPhase section */
		083281B62479B61E00020C4C /* Frameworks */ = {
			isa = PBXFrameworksBuildPhase;
			buildActionMask = 2147483647;
			files = (
			);
			runOnlyForDeploymentPostprocessing = 0;
		};
		083281CC2479B62200020C4C /* Frameworks */ = {
			isa = PBXFrameworksBuildPhase;
			buildActionMask = 2147483647;
			files = (
			);
			runOnlyForDeploymentPostprocessing = 0;
		};
		083281D72479B62200020C4C /* Frameworks */ = {
			isa = PBXFrameworksBuildPhase;
			buildActionMask = 2147483647;
			files = (
			);
			runOnlyForDeploymentPostprocessing = 0;
		};
/* End PBXFrameworksBuildPhase section */

/* Begin PBXGroup section */
		083281B02479B61E00020C4C = {
			isa = PBXGroup;
			children = (
				083281BB2479B61E00020C4C /* Tippy */,
				083281D22479B62200020C4C /* TippyTests */,
				083281DD2479B62200020C4C /* TippyUITests */,
				083281BA2479B61E00020C4C /* Products */,
			);
			sourceTree = "<group>";
		};
		083281BA2479B61E00020C4C /* Products */ = {
			isa = PBXGroup;
			children = (
				083281B92479B61E00020C4C /* Tippy.app */,
				083281CF2479B62200020C4C /* TippyTests.xctest */,
				083281DA2479B62200020C4C /* TippyUITests.xctest */,
			);
			name = Products;
			sourceTree = "<group>";
		};
		083281BB2479B61E00020C4C /* Tippy */ = {
			isa = PBXGroup;
			children = (
				083281BC2479B61E00020C4C /* AppDelegate.swift */,
				083281BE2479B61E00020C4C /* SceneDelegate.swift */,
				083281C02479B61E00020C4C /* ViewController.swift */,
				083281C22479B61E00020C4C /* Main.storyboard */,
				083281C52479B62200020C4C /* Assets.xcassets */,
				083281C72479B62200020C4C /* LaunchScreen.storyboard */,
				083281CA2479B62200020C4C /* Info.plist */,
			);
			path = Tippy;
			sourceTree = "<group>";
		};
		083281D22479B62200020C4C /* TippyTests */ = {
			isa = PBXGroup;
			children = (
				083281D32479B62200020C4C /* TippyTests.swift */,
				083281D52479B62200020C4C /* Info.plist */,
			);
			path = TippyTests;
			sourceTree = "<group>";
		};
		083281DD2479B62200020C4C /* TippyUITests */ = {
			isa = PBXGroup;
			children = (
				083281DE2479B62200020C4C /* TippyUITests.swift */,
				083281E02479B62200020C4C /* Info.plist */,
			);
			path = TippyUITests;
			sourceTree = "<group>";
		};
/* End PBXGroup section */

/* Begin PBXNativeTarget section */
		083281B82479B61E00020C4C /* Tippy */ = {
			isa = PBXNativeTarget;
			buildConfigurationList = 083281E32479B62200020C4C /* Build configuration list for PBXNativeTarget "Tippy" */;
			buildPhases = (
				083281B52479B61E00020C4C /* Sources */,
				083281B62479B61E00020C4C /* Frameworks */,
				083281B72479B61E00020C4C /* Resources */,
			);
			buildRules = (
			);
			dependencies = (
			);
			name = Tippy;
			productName = Tippy;
			productReference = 083281B92479B61E00020C4C /* Tippy.app */;
			productType = "com.apple.product-type.application";
		};
		083281CE2479B62200020C4C /* TippyTests */ = {
			isa = PBXNativeTarget;
			buildConfigurationList = 083281E62479B62200020C4C /* Build configuration list for PBXNativeTarget "TippyTests" */;
			buildPhases = (
				083281CB2479B62200020C4C /* Sources */,
				083281CC2479B62200020C4C /* Frameworks */,
				083281CD2479B62200020C4C /* Resources */,
			);
			buildRules = (
			);
			dependencies = (
				083281D12479B62200020C4C /* PBXTargetDependency */,
			);
			name = TippyTests;
			productName = TippyTests;
			productReference = 083281CF2479B62200020C4C /* TippyTests.xctest */;
			productType = "com.apple.product-type.bundle.unit-test";
		};
		083281D92479B62200020C4C /* TippyUITests */ = {
			isa = PBXNativeTarget;
			buildConfigurationList = 083281E92479B62200020C4C /* Build configuration list for PBXNativeTarget "TippyUITests" */;
			buildPhases = (
				083281D62479B62200020C4C /* Sources */,
				083281D72479B62200020C4C /* Frameworks */,
				083281D82479B62200020C4C /* Resources */,
			);
			buildRules = (
			);
			dependencies = (
				083281DC2479B62200020C4C /* PBXTargetDependency */,
			);
			name = TippyUITests;
			productName = TippyUITests;
			productReference = 083281DA2479B62200020C4C /* TippyUITests.xctest */;
			productType = "com.apple.product-type.bundle.ui-testing";
		};
/* End PBXNativeTarget section */

/* Begin PBXProject section */
		083281B12479B61E00020C4C /* Project object */ = {
			isa = PBXProject;
			attributes = {
				LastSwiftUpdateCheck = 1150;
				LastUpgradeCheck = 1150;
				ORGANIZATIONNAME = "Roshen Arun";
				TargetAttributes = {
					083281B82479B61E00020C4C = {
						CreatedOnToolsVersion = 11.5;
					};
					083281CE2479B62200020C4C = {
						CreatedOnToolsVersion = 11.5;
						TestTargetID = 083281B82479B61E00020C4C;
					};
					083281D92479B62200020C4C = {
						CreatedOnToolsVersion = 11.5;
						TestTargetID = 083281B82479B61E00020C4C;
					};
				};
			};
			buildConfigurationList = 083281B42479B61E00020C4C /* Build configuration list for PBXProject "Tippy" */;
			compatibilityVersion = "Xcode 9.3";
			developmentRegion = en;
			hasScannedForEncodings = 0;
			knownRegions = (
				en,
				Base,
			);
			mainGroup = 083281B02479B61E00020C4C;
			productRefGroup = 083281BA2479B61E00020C4C /* Products */;
			projectDirPath = "";
			projectRoot = "";
			targets = (
				083281B82479B61E00020C4C /* Tippy */,
				083281CE2479B62200020C4C /* TippyTests */,
				083281D92479B62200020C4C /* TippyUITests */,
			);
		};
/* End PBXProject section */

/* Begin PBXResourcesBuildPhase section */
		083281B72479B61E00020C4C /* Resources */ = {
			isa = PBXResourcesBuildPhase;
			buildActionMask = 2147483647;
			files = (
				083281C92479B62200020C4C /* LaunchScreen.storyboard in Resources */,
				083281C62479B62200020C4C /* Assets.xcassets in Resources */,
				083281C42479B61E00020C4C /* Main.storyboard in Resources */,
			);
			runOnlyForDeploymentPostprocessing = 0;
		};
		083281CD2479B62200020C4C /* Resources */ = {
			isa = PBXResourcesBuildPhase;
			buildActionMask = 2147483647;
			files = (
			);
			runOnlyForDeploymentPostprocessing = 0;
		};
		083281D82479B62200020C4C /* Resources */ = {
			isa = PBXResourcesBuildPhase;
			buildActionMask = 2147483647;
			files = (
			);
			runOnlyForDeploymentPostprocessing = 0;
		};
/* End PBXResourcesBuildPhase section */

/* Begin PBXSourcesBuildPhase section */
		083281B52479B61E00020C4C /* Sources */ = {
			isa = PBXSourcesBuildPhase;
			buildActionMask = 2147483647;
			files = (
				083281C12479B61E00020C4C /* ViewController.swift in Sources */,
				083281BD2479B61E00020C4C /* AppDelegate.swift in Sources */,
				083281BF2479B61E00020C4C /* SceneDelegate.swift in Sources */,
			);
			runOnlyForDeploymentPostprocessing = 0;
		};
		083281CB2479B62200020C4C /* Sources */ = {
			isa = PBXSourcesBuildPhase;
			buildActionMask = 2147483647;
			files = (
				083281D42479B62200020C4C /* TippyTests.swift in Sources */,
			);
			runOnlyForDeploymentPostprocessing = 0;
		};
		083281D62479B62200020C4C /* Sources */ = {
			isa = PBXSourcesBuildPhase;
			buildActionMask = 2147483647;
			files = (
				083281DF2479B62200020C4C /* TippyUITests.swift in Sources */,
			);
			runOnlyForDeploymentPostprocessing = 0;
		};
/* End PBXSourcesBuildPhase section */

/* Begin PBXTargetDependency section */
		083281D12479B62200020C4C /* PBXTargetDependency */ = {
			isa = PBXTargetDependency;
			target = 083281B82479B61E00020C4C /* Tippy */;
			targetProxy = 083281D02479B62200020C4C /* PBXContainerItemProxy */;
		};
		083281DC2479B62200020C4C /* PBXTargetDependency */ = {
			isa = PBXTargetDependency;
			target = 083281B82479B61E00020C4C /* Tippy */;
			targetProxy = 083281DB2479B62200020C4C /* PBXContainerItemProxy */;
		};
/* End PBXTargetDependency section */

/* Begin PBXVariantGroup section */
		083281C22479B61E00020C4C /* Main.storyboard */ = {
			isa = PBXVariantGroup;
			children = (
				083281C32479B61E00020C4C /* Base */,
			);
			name = Main.storyboard;
			sourceTree = "<group>";
		};
		083281C72479B62200020C4C /* LaunchScreen.storyboard */ = {
			isa = PBXVariantGroup;
			children = (
				083281C82479B62200020C4C /* Base */,
			);
			name = LaunchScreen.storyboard;
			sourceTree = "<group>";
		};
/* End PBXVariantGroup section */

/* Begin XCBuildConfiguration section */
		083281E12479B62200020C4C /* Debug */ = {
			isa = XCBuildConfiguration;
			buildSettings = {
				ALWAYS_SEARCH_USER_PATHS = NO;
				CLANG_ANALYZER_NONNULL = YES;
				CLANG_ANALYZER_NUMBER_OBJECT_CONVERSION = YES_AGGRESSIVE;
				CLANG_CXX_LANGUAGE_STANDARD = "gnu++14";
				CLANG_CXX_LIBRARY = "libc++";
				CLANG_ENABLE_MODULES = YES;
				CLANG_ENABLE_OBJC_ARC = YES;
				CLANG_ENABLE_OBJC_WEAK = YES;
				CLANG_WARN_BLOCK_CAPTURE_AUTORELEASING = YES;
				CLANG_WARN_BOOL_CONVERSION = YES;
				CLANG_WARN_COMMA = YES;
				CLANG_WARN_CONSTANT_CONVERSION = YES;
				CLANG_WARN_DEPRECATED_OBJC_IMPLEMENTATIONS = YES;
				CLANG_WARN_DIRECT_OBJC_ISA_USAGE = YES_ERROR;
				CLANG_WARN_DOCUMENTATION_COMMENTS = YES;
				CLANG_WARN_EMPTY_BODY = YES;
				CLANG_WARN_ENUM_CONVERSION = YES;
				CLANG_WARN_INFINITE_RECURSION = YES;
				CLANG_WARN_INT_CONVERSION = YES;
				CLANG_WARN_NON_LITERAL_NULL_CONVERSION = YES;
				CLANG_WARN_OBJC_IMPLICIT_RETAIN_SELF = YES;
				CLANG_WARN_OBJC_LITERAL_CONVERSION = YES;
				CLANG_WARN_OBJC_ROOT_CLASS = YES_ERROR;
				CLANG_WARN_RANGE_LOOP_ANALYSIS = YES;
				CLANG_WARN_STRICT_PROTOTYPES = YES;
				CLANG_WARN_SUSPICIOUS_MOVE = YES;
				CLANG_WARN_UNGUARDED_AVAILABILITY = YES_AGGRESSIVE;
				CLANG_WARN_UNREACHABLE_CODE = YES;
				CLANG_WARN__DUPLICATE_METHOD_MATCH = YES;
				COPY_PHASE_STRIP = NO;
				DEBUG_INFORMATION_FORMAT = dwarf;
				ENABLE_STRICT_OBJC_MSGSEND = YES;
				ENABLE_TESTABILITY = YES;
				GCC_C_LANGUAGE_STANDARD = gnu11;
				GCC_DYNAMIC_NO_PIC = NO;
				GCC_NO_COMMON_BLOCKS = YES;
				GCC_OPTIMIZATION_LEVEL = 0;
				GCC_PREPROCESSOR_DEFINITIONS = (
					"DEBUG=1",
					"$(inherited)",
				);
				GCC_WARN_64_TO_32_BIT_CONVERSION = YES;
				GCC_WARN_ABOUT_RETURN_TYPE = YES_ERROR;
				GCC_WARN_UNDECLARED_SELECTOR = YES;
				GCC_WARN_UNINITIALIZED_AUTOS = YES_AGGRESSIVE;
				GCC_WARN_UNUSED_FUNCTION = YES;
				GCC_WARN_UNUSED_VARIABLE = YES;
				IPHONEOS_DEPLOYMENT_TARGET = 13.5;
				MTL_ENABLE_DEBUG_INFO = INCLUDE_SOURCE;
				MTL_FAST_MATH = YES;
				ONLY_ACTIVE_ARCH = YES;
				SDKROOT = iphoneos;
				SWIFT_ACTIVE_COMPILATION_CONDITIONS = DEBUG;
				SWIFT_OPTIMIZATION_LEVEL = "-Onone";
			};
			name = Debug;
		};
		083281E22479B62200020C4C /* Release */ = {
			isa = XCBuildConfiguration;
			buildSettings = {
				ALWAYS_SEARCH_USER_PATHS = NO;
				CLANG_ANALYZER_NONNULL = YES;
				CLANG_ANALYZER_NUMBER_OBJECT_CONVERSION = YES_AGGRESSIVE;
				CLANG_CXX_LANGUAGE_STANDARD = "gnu++14";
				CLANG_CXX_LIBRARY = "libc++";
				CLANG_ENABLE_MODULES = YES;
				CLANG_ENABLE_OBJC_ARC = YES;
				CLANG_ENABLE_OBJC_WEAK = YES;
				CLANG_WARN_BLOCK_CAPTURE_AUTORELEASING = YES;
				CLANG_WARN_BOOL_CONVERSION = YES;
				CLANG_WARN_COMMA = YES;
				CLANG_WARN_CONSTANT_CONVERSION = YES;
				CLANG_WARN_DEPRECATED_OBJC_IMPLEMENTATIONS = YES;
				CLANG_WARN_DIRECT_OBJC_ISA_USAGE = YES_ERROR;
				CLANG_WARN_DOCUMENTATION_COMMENTS = YES;
				CLANG_WARN_EMPTY_BODY = YES;
				CLANG_WARN_ENUM_CONVERSION = YES;
				CLANG_WARN_INFINITE_RECURSION = YES;
				CLANG_WARN_INT_CONVERSION = YES;
				CLANG_WARN_NON_LITERAL_NULL_CONVERSION = YES;
				CLANG_WARN_OBJC_IMPLICIT_RETAIN_SELF = YES;
				CLANG_WARN_OBJC_LITERAL_CONVERSION = YES;
				CLANG_WARN_OBJC_ROOT_CLASS = YES_ERROR;
				CLANG_WARN_RANGE_LOOP_ANALYSIS = YES;
				CLANG_WARN_STRICT_PROTOTYPES = YES;
				CLANG_WARN_SUSPICIOUS_MOVE = YES;
				CLANG_WARN_UNGUARDED_AVAILABILITY = YES_AGGRESSIVE;
				CLANG_WARN_UNREACHABLE_CODE = YES;
				CLANG_WARN__DUPLICATE_METHOD_MATCH = YES;
				COPY_PHASE_STRIP = NO;
				DEBUG_INFORMATION_FORMAT = "dwarf-with-dsym";
				ENABLE_NS_ASSERTIONS = NO;
				ENABLE_STRICT_OBJC_MSGSEND = YES;
				GCC_C_LANGUAGE_STANDARD = gnu11;
				GCC_NO_COMMON_BLOCKS = YES;
				GCC_WARN_64_TO_32_BIT_CONVERSION = YES;
				GCC_WARN_ABOUT_RETURN_TYPE = YES_ERROR;
				GCC_WARN_UNDECLARED_SELECTOR = YES;
				GCC_WARN_UNINITIALIZED_AUTOS = YES_AGGRESSIVE;
				GCC_WARN_UNUSED_FUNCTION = YES;
				GCC_WARN_UNUSED_VARIABLE = YES;
				IPHONEOS_DEPLOYMENT_TARGET = 13.5;
				MTL_ENABLE_DEBUG_INFO = NO;
				MTL_FAST_MATH = YES;
				SDKROOT = iphoneos;
				SWIFT_COMPILATION_MODE = wholemodule;
				SWIFT_OPTIMIZATION_LEVEL = "-O";
				VALIDATE_PRODUCT = YES;
			};
			name = Release;
		};
		083281E42479B62200020C4C /* Debug */ = {
			isa = XCBuildConfiguration;
			buildSettings = {
				ASSETCATALOG_COMPILER_APPICON_NAME = AppIcon;
				CODE_SIGN_STYLE = Automatic;
				INFOPLIST_FILE = Tippy/Info.plist;
				LD_RUNPATH_SEARCH_PATHS = (
					"$(inherited)",
					"@executable_path/Frameworks",
				);
				PRODUCT_BUNDLE_IDENTIFIER = com.roshenarun3.Tippy;
				PRODUCT_NAME = "$(TARGET_NAME)";
				SWIFT_VERSION = 5.0;
				TARGETED_DEVICE_FAMILY = "1,2";
			};
			name = Debug;
		};
		083281E52479B62200020C4C /* Release */ = {
			isa = XCBuildConfiguration;
			buildSettings = {
				ASSETCATALOG_COMPILER_APPICON_NAME = AppIcon;
				CODE_SIGN_STYLE = Automatic;
				INFOPLIST_FILE = Tippy/Info.plist;
				LD_RUNPATH_SEARCH_PATHS = (
					"$(inherited)",
					"@executable_path/Frameworks",
				);
				PRODUCT_BUNDLE_IDENTIFIER = com.roshenarun3.Tippy;
				PRODUCT_NAME = "$(TARGET_NAME)";
				SWIFT_VERSION = 5.0;
				TARGETED_DEVICE_FAMILY = "1,2";
			};
			name = Release;
		};
		083281E72479B62200020C4C /* Debug */ = {
			isa = XCBuildConfiguration;
			buildSettings = {
				ALWAYS_EMBED_SWIFT_STANDARD_LIBRARIES = YES;
				BUNDLE_LOADER = "$(TEST_HOST)";
				CODE_SIGN_STYLE = Automatic;
				INFOPLIST_FILE = TippyTests/Info.plist;
				IPHONEOS_DEPLOYMENT_TARGET = 13.5;
				LD_RUNPATH_SEARCH_PATHS = (
					"$(inherited)",
					"@executable_path/Frameworks",
					"@loader_path/Frameworks",
				);
				PRODUCT_BUNDLE_IDENTIFIER = com.roshenarun3.TippyTests;
				PRODUCT_NAME = "$(TARGET_NAME)";
				SWIFT_VERSION = 5.0;
				TARGETED_DEVICE_FAMILY = "1,2";
				TEST_HOST = "$(BUILT_PRODUCTS_DIR)/Tippy.app/Tippy";
			};
			name = Debug;
		};
		083281E82479B62200020C4C /* Release */ = {
			isa = XCBuildConfiguration;
			buildSettings = {
				ALWAYS_EMBED_SWIFT_STANDARD_LIBRARIES = YES;
				BUNDLE_LOADER = "$(TEST_HOST)";
				CODE_SIGN_STYLE = Automatic;
				INFOPLIST_FILE = TippyTests/Info.plist;
				IPHONEOS_DEPLOYMENT_TARGET = 13.5;
				LD_RUNPATH_SEARCH_PATHS = (
					"$(inherited)",
					"@executable_path/Frameworks",
					"@loader_path/Frameworks",
				);
				PRODUCT_BUNDLE_IDENTIFIER = com.roshenarun3.TippyTests;
				PRODUCT_NAME = "$(TARGET_NAME)";
				SWIFT_VERSION = 5.0;
				TARGETED_DEVICE_FAMILY = "1,2";
				TEST_HOST = "$(BUILT_PRODUCTS_DIR)/Tippy.app/Tippy";
			};
			name = Release;
		};
		083281EA2479B62200020C4C /* Debug */ = {
			isa = XCBuildConfiguration;
			buildSettings = {
				ALWAYS_EMBED_SWIFT_STANDARD_LIBRARIES = YES;
				CODE_SIGN_STYLE = Automatic;
				INFOPLIST_FILE = TippyUITests/Info.plist;
				LD_RUNPATH_SEARCH_PATHS = (
					"$(inherited)",
					"@executable_path/Frameworks",
					"@loader_path/Frameworks",
				);
				PRODUCT_BUNDLE_IDENTIFIER = com.roshenarun3.TippyUITests;
				PRODUCT_NAME = "$(TARGET_NAME)";
				SWIFT_VERSION = 5.0;
				TARGETED_DEVICE_FAMILY = "1,2";
				TEST_TARGET_NAME = Tippy;
			};
			name = Debug;
		};
		083281EB2479B62200020C4C /* Release */ = {
			isa = XCBuildConfiguration;
			buildSettings = {
				ALWAYS_EMBED_SWIFT_STANDARD_LIBRARIES = YES;
				CODE_SIGN_STYLE = Automatic;
				INFOPLIST_FILE = TippyUITests/Info.plist;
				LD_RUNPATH_SEARCH_PATHS = (
					"$(inherited)",
					"@executable_path/Frameworks",
					"@loader_path/Frameworks",
				);
				PRODUCT_BUNDLE_IDENTIFIER = com.roshenarun3.TippyUITests;
				PRODUCT_NAME = "$(TARGET_NAME)";
				SWIFT_VERSION = 5.0;
				TARGETED_DEVICE_FAMILY = "1,2";
				TEST_TARGET_NAME = Tippy;
			};
			name = Release;
		};
/* End XCBuildConfiguration section */

/* Begin XCConfigurationList section */
		083281B42479B61E00020C4C /* Build configuration list for PBXProject "Tippy" */ = {
			isa = XCConfigurationList;
			buildConfigurations = (
				083281E12479B62200020C4C /* Debug */,
				083281E22479B62200020C4C /* Release */,
			);
			defaultConfigurationIsVisible = 0;
			defaultConfigurationName = Release;
		};
		083281E32479B62200020C4C /* Build configuration list for PBXNativeTarget "Tippy" */ = {
			isa = XCConfigurationList;
			buildConfigurations = (
				083281E42479B62200020C4C /* Debug */,
				083281E52479B62200020C4C /* Release */,
			);
			defaultConfigurationIsVisible = 0;
			defaultConfigurationName = Release;
		};
		083281E62479B62200020C4C /* Build configuration list for PBXNativeTarget "TippyTests" */ = {
			isa = XCConfigurationList;
			buildConfigurations = (
				083281E72479B62200020C4C /* Debug */,
				083281E82479B62200020C4C /* Release */,
			);
			defaultConfigurationIsVisible = 0;
			defaultConfigurationName = Release;
		};
		083281E92479B62200020C4C /* Build configuration list for PBXNativeTarget "TippyUITests" */ = {
			isa = XCConfigurationList;
			buildConfigurations = (
				083281EA2479B62200020C4C /* Debug */,
				083281EB2479B62200020C4C /* Release */,
			);
			defaultConfigurationIsVisible = 0;
			defaultConfigurationName = Release;
		};
/* End XCConfigurationList section */
	};
	rootObject = 083281B12479B61E00020C4C /* Project object */;
}
